
Microsoft Visual Studio Solution File, Format Version 12.00
# Visual Studio Version 16
VisualStudioVersion = 16.0.31911.196
MinimumVisualStudioVersion = 10.0.40219.1
Project("{888888A0-9F3D-457C-B088-3A5042F75D52}") = "Blockade", "Blockade\Blockade.pyproj", "{53A203D1-DE02-4AE8-AC5D-76A178CE0531}"
EndProject
Global
	GlobalSection(SolutionConfigurationPlatforms) = preSolution
		Debug|Any CPU = Debug|Any CPU
		Release|Any CPU = Release|Any CPU
	EndGlobalSection
	GlobalSection(ProjectConfigurationPlatforms) = postSolution
		{53A203D1-DE02-4AE8-AC5D-76A178CE0531}.Debug|Any CPU.ActiveCfg = Debug|Any CPU
		{53A203D1-DE02-4AE8-AC5D-76A178CE0531}.Release|Any CPU.ActiveCfg = Release|Any CPU
	EndGlobalSection
	GlobalSection(SolutionProperties) = preSolution
		HideSolutionNode = FALSE
	EndGlobalSection
	GlobalSection(ExtensibilityGlobals) = postSolution
		SolutionGuid = {858D3C9A-C8C6-4427-9FCF-99A93EF50DC4}
	EndGlobalSection
EndGlobal
